
Microsoft Visual Studio Solution File, Format Version 12.00
# Visual Studio Version 17
VisualStudioVersion = 17.4.33213.308
MinimumVisualStudioVersion = 10.0.40219.1
Project("{FAE04EC0-301F-11D3-BF4B-00C04F79EFBC}") = "NewApp", "NewApp\NewApp.csproj", "{72AED9A4-E594-4DDC-B656-485FB17F049F}"
EndProject
Global
	GlobalSection(SolutionConfigurationPlatforms) = preSolution
		Debug|Any CPU = Debug|Any CPU
		Release|Any CPU = Release|Any CPU
	EndGlobalSection
	GlobalSection(ProjectConfigurationPlatforms) = postSolution
		{72AED9A4-E594-4DDC-B656-485FB17F049F}.Debug|Any CPU.ActiveCfg = Debug|Any CPU
		{72AED9A4-E594-4DDC-B656-485FB17F049F}.Debug|Any CPU.Build.0 = Debug|Any CPU
		{72AED9A4-E594-4DDC-B656-485FB17F049F}.Release|Any CPU.ActiveCfg = Release|Any CPU
		{72AED9A4-E594-4DDC-B656-485FB17F049F}.Release|Any CPU.Build.0 = Release|Any CPU
	EndGlobalSection
	GlobalSection(SolutionProperties) = preSolution
		HideSolutionNode = FALSE
	EndGlobalSection
	GlobalSection(ExtensibilityGlobals) = postSolution
		SolutionGuid = {3A7AE8D4-F5E2-4420-9D51-58B3923C6E9E}
	EndGlobalSection
EndGlobal
